Microsoft Visual Studio Solution File, Format Version 12.00
# Visual Studio Version 17
VisualStudioVersion = 17.5.2.0
MinimumVisualStudioVersion = 10.0.40219.1
Project("{FAE04EC0-301F-11D3-BF4B-00C04F79EFBC}") = "TestMiniGame", "TestMiniGame.csproj", "{4CDFFDF7-9636-5597-06F0-06AA15623305}"
EndProject
Global
	GlobalSection(SolutionConfigurationPlatforms) = preSolution
		Debug|Any CPU = Debug|Any CPU
		Release|Any CPU = Release|Any CPU
	EndGlobalSection
	GlobalSection(ProjectConfigurationPlatforms) = postSolution
		{4CDFFDF7-9636-5597-06F0-06AA15623305}.Debug|Any CPU.ActiveCfg = Debug|Any CPU
		{4CDFFDF7-9636-5597-06F0-06AA15623305}.Debug|Any CPU.Build.0 = Debug|Any CPU
		{4CDFFDF7-9636-5597-06F0-06AA15623305}.Release|Any CPU.ActiveCfg = Release|Any CPU
		{4CDFFDF7-9636-5597-06F0-06AA15623305}.Release|Any CPU.Build.0 = Release|Any CPU
	EndGlobalSection
	GlobalSection(SolutionProperties) = preSolution
		HideSolutionNode = FALSE
	EndGlobalSection
	GlobalSection(ExtensibilityGlobals) = postSolution
		SolutionGuid = {3267507A-521F-428D-B082-F1A298710315}
	EndGlobalSection
EndGlobal
